
Microsoft Visual Studio Solution File, Format Version 12.00
# Visual Studio Version 16
VisualStudioVersion = 16.0.33529.622
MinimumVisualStudioVersion = 10.0.40219.1
Project("{FAE04EC0-301F-11D3-BF4B-00C04F79EFBC}") = "HW_4", "HW_4\HW_4.csproj", "{B2AD518D-BEBF-488F-86E4-73352FD69393}"
EndProject
Global
	GlobalSection(SolutionConfigurationPlatforms) = preSolution
		Debug|Any CPU = Debug|Any CPU
		Release|Any CPU = Release|Any CPU
	EndGlobalSection
	GlobalSection(ProjectConfigurationPlatforms) = postSolution
		{B2AD518D-BEBF-488F-86E4-73352FD69393}.Debug|Any CPU.ActiveCfg = Debug|Any CPU
		{B2AD518D-BEBF-488F-86E4-73352FD69393}.Debug|Any CPU.Build.0 = Debug|Any CPU
		{B2AD518D-BEBF-488F-86E4-73352FD69393}.Release|Any CPU.ActiveCfg = Release|Any CPU
		{B2AD518D-BEBF-488F-86E4-73352FD69393}.Release|Any CPU.Build.0 = Release|Any CPU
	EndGlobalSection
	GlobalSection(SolutionProperties) = preSolution
		HideSolutionNode = FALSE
	EndGlobalSection
	GlobalSection(ExtensibilityGlobals) = postSolution
		SolutionGuid = {F5FE7405-40F6-4E14-98B4-626C9405D0C0}
	EndGlobalSection
EndGlobal
